[[package]]
name = "darling"
version = "0.8.0"
source = "registry+https://github.com/rust-lang/crates.io-index"
dependencies = [
 "darling_core 0.8.0 (registry+https://github.com/rust-lang/crates.io-index)",
 "darling_macro 0.8.0 (registry+https://github.com/rust-lang/crates.io-index)",
]

[[package]]
name = "darling_core"
version = "0.8.0"
source = "registry+https://github.com/rust-lang/crates.io-index"
dependencies = [
 "fnv 1.0.6 (registry+https://github.com/rust-lang/crates.io-index)",
 "ident_case 1.0.0 (registry+https://github.com/rust-lang/crates.io-index)",
 "proc-macro2 0.4.20 (registry+https://github.com/rust-lang/crates.io-index)",
 "quote 0.6.9 (registry+https://github.com/rust-lang/crates.io-index)",
 "syn 0.15.17 (registry+https://github.com/rust-lang/crates.io-index)",
]

[[package]]
name = "darling_macro"
version = "0.8.0"
source = "registry+https://github.com/rust-lang/crates.io-index"
dependencies = [
 "darling_core 0.8.0 (registry+https://github.com/rust-lang/crates.io-index)",
 "quote 0.6.9 (registry+https://github.com/rust-lang/crates.io-index)",
 "syn 0.15.17 (registry+https://github.com/rust-lang/crates.io-index)",
]

[[package]]
name = "fnv"
version = "1.0.6"
source = "registry+https://github.com/rust-lang/crates.io-index"

[[package]]
name = "ident_case"
version = "1.0.0"
source = "registry+https://github.com/rust-lang/crates.io-index"

[[package]]
name = "inflections"
version = "1.1.1"
source = "registry+https://github.com/rust-lang/crates.io-index"

[[package]]
name = "proc-macro2"
version = "0.4.20"
source = "registry+https://github.com/rust-lang/crates.io-index"
dependencies = [
 "unicode-xid 0.1.0 (registry+https://github.com/rust-lang/crates.io-index)",
]

[[package]]
name = "quote"
version = "0.6.9"
source = "registry+https://github.com/rust-lang/crates.io-index"
dependencies = [
 "proc-macro2 0.4.20 (registry+https://github.com/rust-lang/crates.io-index)",
]

[[package]]
name = "syn"
version = "0.15.17"
source = "registry+https://github.com/rust-lang/crates.io-index"
dependencies = [
 "proc-macro2 0.4.20 (registry+https://github.com/rust-lang/crates.io-index)",
 "quote 0.6.9 (registry+https://github.com/rust-lang/crates.io-index)",
 "unicode-xid 0.1.0 (registry+https://github.com/rust-lang/crates.io-index)",
]

[[package]]
name = "tygres-macros"
version = "0.1.0"
dependencies = [
 "darling 0.8.0 (registry+https://github.com/rust-lang/crates.io-index)",
 "inflections 1.1.1 (registry+https://github.com/rust-lang/crates.io-index)",
 "proc-macro2 0.4.20 (registry+https://github.com/rust-lang/crates.io-index)",
 "quote 0.6.9 (registry+https://github.com/rust-lang/crates.io-index)",
 "syn 0.15.17 (registry+https://github.com/rust-lang/crates.io-index)",
]

[[package]]
name = "unicode-xid"
version = "0.1.0"
source = "registry+https://github.com/rust-lang/crates.io-index"

[metadata]
"checksum darling 0.8.0 (registry+https://github.com/rust-lang/crates.io-index)" = "7f000e7b03a0083a30e1f10b1428a530849c21e72b338fa76869b5dbc4b045bf"
"checksum darling_core 0.8.0 (registry+https://github.com/rust-lang/crates.io-index)" = "86bc5ce438f4b703755d12f59bbf0a16c642766d4534e922db47569dbdd0b998"
"checksum darling_macro 0.8.0 (registry+https://github.com/rust-lang/crates.io-index)" = "9973050ba46be2a2935a7b316147f41a808ac604b8f0fef6eba77fd47a89daeb"
"checksum fnv 1.0.6 (registry+https://github.com/rust-lang/crates.io-index)" = "2fad85553e09a6f881f739c29f0b00b0f01357c743266d478b68951ce23285f3"
"checksum ident_case 1.0.0 (registry+https://github.com/rust-lang/crates.io-index)" = "3c9826188e666f2ed92071d2dadef6edc430b11b158b5b2b3f4babbcc891eaaa"
"checksum inflections 1.1.1 (registry+https://github.com/rust-lang/crates.io-index)" = "a257582fdcde896fd96463bf2d40eefea0580021c0712a0e2b028b60b47a837a"
"checksum proc-macro2 0.4.20 (registry+https://github.com/rust-lang/crates.io-index)" = "3d7b7eaaa90b4a90a932a9ea6666c95a389e424eff347f0f793979289429feee"
"checksum quote 0.6.9 (registry+https://github.com/rust-lang/crates.io-index)" = "63b5829244f52738cfee93b3a165c1911388675be000c888d2fae620dee8fa5b"
"checksum syn 0.15.17 (registry+https://github.com/rust-lang/crates.io-index)" = "3391038ebc3e4ab24eb028cb0ef2f2dc4ba0cbf72ee895ed6a6fad730640b5bc"
"checksum unicode-xid 0.1.0 (registry+https://github.com/rust-lang/crates.io-index)" = "fc72304796d0818e357ead4e000d19c9c174ab23dc11093ac919054d20a6a7fc"
